
Microsoft Visual Studio Solution File, Format Version 12.00
# Visual Studio 14
VisualStudioVersion = 14.0.25420.1
MinimumVisualStudioVersion = 10.0.40219.1
Project("{FAE04EC0-301F-11D3-BF4B-00C04F79EFBC}") = "Patcher", "Patcher\Patcher.csproj", "{34A01F49-04C9-4F19-8498-FDC7138B265E}"
EndProject
Project("{FAE04EC0-301F-11D3-BF4B-00C04F79EFBC}") = "Patcher.Rules.Compiled", "Patcher.Rules.Compiled\Patcher.Rules.Compiled.csproj", "{A46BC13D-B396-4433-9888-41A0BCF4F605}"
EndProject
Project("{FAE04EC0-301F-11D3-BF4B-00C04F79EFBC}") = "Documenter", "Documenter\Documenter.csproj", "{9A63AD53-FA3D-4ABD-9539-31DC1D6215CA}"
EndProject
Global
	GlobalSection(SolutionConfigurationPlatforms) = preSolution
		Debug|Any CPU = Debug|Any CPU
		Release|Any CPU = Release|Any CPU
	EndGlobalSection
	GlobalSection(ProjectConfigurationPlatforms) = postSolution
		{34A01F49-04C9-4F19-8498-FDC7138B265E}.Debug|Any CPU.ActiveCfg = Debug|Any CPU
		{34A01F49-04C9-4F19-8498-FDC7138B265E}.Debug|Any CPU.Build.0 = Debug|Any CPU
		{34A01F49-04C9-4F19-8498-FDC7138B265E}.Release|Any CPU.ActiveCfg = Release|Any CPU
		{34A01F49-04C9-4F19-8498-FDC7138B265E}.Release|Any CPU.Build.0 = Release|Any CPU
		{A46BC13D-B396-4433-9888-41A0BCF4F605}.Debug|Any CPU.ActiveCfg = Debug|Any CPU
		{A46BC13D-B396-4433-9888-41A0BCF4F605}.Debug|Any CPU.Build.0 = Debug|Any CPU
		{A46BC13D-B396-4433-9888-41A0BCF4F605}.Release|Any CPU.ActiveCfg = Release|Any CPU
		{A46BC13D-B396-4433-9888-41A0BCF4F605}.Release|Any CPU.Build.0 = Release|Any CPU
		{9A63AD53-FA3D-4ABD-9539-31DC1D6215CA}.Debug|Any CPU.ActiveCfg = Debug|Any CPU
		{9A63AD53-FA3D-4ABD-9539-31DC1D6215CA}.Debug|Any CPU.Build.0 = Debug|Any CPU
		{9A63AD53-FA3D-4ABD-9539-31DC1D6215CA}.Release|Any CPU.ActiveCfg = Release|Any CPU
		{9A63AD53-FA3D-4ABD-9539-31DC1D6215CA}.Release|Any CPU.Build.0 = Release|Any CPU
	EndGlobalSection
	GlobalSection(SolutionProperties) = preSolution
		HideSolutionNode = FALSE
	EndGlobalSection
EndGlobal
